
Microsoft Visual Studio Solution File, Format Version 12.00
# Visual Studio Version 17
VisualStudioVersion = 17.9.34728.123
MinimumVisualStudioVersion = 10.0.40219.1
Project("{9A19103F-16F7-4668-BE54-9A1E7A4F7556}") = "TownArsenal", "TownArsenal.csproj", "{C60ECFD1-F6EE-416F-84CF-E9D8EB758343}"
EndProject
Global
	GlobalSection(SolutionConfigurationPlatforms) = preSolution
		Debug|Any CPU = Debug|Any CPU
		Release|Any CPU = Release|Any CPU
	EndGlobalSection
	GlobalSection(ProjectConfigurationPlatforms) = postSolution
		{C60ECFD1-F6EE-416F-84CF-E9D8EB758343}.Debug|Any CPU.ActiveCfg = Debug|Any CPU
		{C60ECFD1-F6EE-416F-84CF-E9D8EB758343}.Debug|Any CPU.Build.0 = Debug|Any CPU
		{C60ECFD1-F6EE-416F-84CF-E9D8EB758343}.Release|Any CPU.ActiveCfg = Release|Any CPU
		{C60ECFD1-F6EE-416F-84CF-E9D8EB758343}.Release|Any CPU.Build.0 = Release|Any CPU
	EndGlobalSection
	GlobalSection(SolutionProperties) = preSolution
		HideSolutionNode = FALSE
	EndGlobalSection
	GlobalSection(ExtensibilityGlobals) = postSolution
		SolutionGuid = {7C606033-1F6A-4B44-8A5B-CE97C1C8F347}
	EndGlobalSection
EndGlobal
